{
  "object": {
    "pins": [
      {
        "package": "llbuild",
        "repositoryURL": "https://github.com/apple/swift-llbuild.git",
        "state": {
          "branch": "master",
          "revision": "d603a1641614065415d92af008fc60c1f1ea07ed",
          "version": null
        }
      },
      {
        "package": "SwiftPM",
        "repositoryURL": "https://github.com/apple/swift-package-manager.git",
        "state": {
          "branch": "master",
          "revision": "10ac0664bd3347755b9bb3dd8b765c02f950a952",
          "version": null
        }
      }
    ]
  },
  "version": 1
}
